
Microsoft Visual Studio Solution File, Format Version 12.00
# Visual Studio 2012
Project("{FAE04EC0-301F-11D3-BF4B-00C04F79EFBC}") = "ReverseString", "ReverseString\ReverseString.csproj", "{3D119D5C-6AC2-4D28-AC98-4DBAD1BCEFAD}"
EndProject
Project("{FAE04EC0-301F-11D3-BF4B-00C04F79EFBC}") = "FitStringInTwentyChars", "FitStringInTwentyChars\FitStringInTwentyChars.csproj", "{6798C74F-CA98-4B04-9E0B-43EE126E9860}"
EndProject
Project("{FAE04EC0-301F-11D3-BF4B-00C04F79EFBC}") = "CensorYourEmailAddress", "CensorYourEmailAddress\CensorYourEmailAddress.csproj", "{A771C5D2-2C68-4909-951E-ECACBDA183D1}"
EndProject
Project("{FAE04EC0-301F-11D3-BF4B-00C04F79EFBC}") = "ExtractSentencesByKeyword", "ExtractSentencesByKeyword\ExtractSentencesByKeyword.csproj", "{AA230A58-652F-4754-8231-03FA81E60480}"
EndProject
Project("{FAE04EC0-301F-11D3-BF4B-00C04F79EFBC}") = "URLParser", "URLParser\URLParser.csproj", "{65020B30-6321-4660-9739-95AE16D2F5F7}"
EndProject
Project("{FAE04EC0-301F-11D3-BF4B-00C04F79EFBC}") = "ReverseWordsInSentence", "ReverseWordsInSentence\ReverseWordsInSentence.csproj", "{E1CAEB68-F5B0-43BD-9186-C31E6BB16308}"
EndProject
Project("{FAE04EC0-301F-11D3-BF4B-00C04F79EFBC}") = "ChangeToUppercase", "ChangeToUppercase\ChangeToUppercase.csproj", "{7E75B4DD-E860-4BF2-B8FE-A27738E5E7A7}"
EndProject
Project("{FAE04EC0-301F-11D3-BF4B-00C04F79EFBC}") = "ExtractPalindromes", "ExtractPalindromes\ExtractPalindromes.csproj", "{76ECE2AE-025D-4AAC-87CF-C54321537A6E}"
EndProject
Project("{FAE04EC0-301F-11D3-BF4B-00C04F79EFBC}") = "Capitalisation", "Capitalisation\Capitalisation.csproj", "{320D81CB-7069-4D4F-906D-79CEA9A030FD}"
EndProject
Project("{FAE04EC0-301F-11D3-BF4B-00C04F79EFBC}") = "PalindromeIndex", "PalindromeIndex\PalindromeIndex.csproj", "{43805FFD-CAA1-4E84-9D17-22CB50E0410D}"
EndProject
Project("{FAE04EC0-301F-11D3-BF4B-00C04F79EFBC}") = "CommonStrings", "CommonStrings\CommonStrings.csproj", "{18706A0A-64F2-4198-B105-51B85AFC51CC}"
EndProject
Project("{FAE04EC0-301F-11D3-BF4B-00C04F79EFBC}") = "PhoneBook", "PhoneBook\PhoneBook.csproj", "{5B38BC3A-6AB6-439A-BD51-34243F35DA1E}"
EndProject
Global
	GlobalSection(SolutionConfigurationPlatforms) = preSolution
		Debug|x86 = Debug|x86
		Release|x86 = Release|x86
	EndGlobalSection
	GlobalSection(ProjectConfigurationPlatforms) = postSolution
		{18706A0A-64F2-4198-B105-51B85AFC51CC}.Debug|x86.ActiveCfg = Debug|x86
		{18706A0A-64F2-4198-B105-51B85AFC51CC}.Debug|x86.Build.0 = Debug|x86
		{18706A0A-64F2-4198-B105-51B85AFC51CC}.Release|x86.ActiveCfg = Release|x86
		{18706A0A-64F2-4198-B105-51B85AFC51CC}.Release|x86.Build.0 = Release|x86
		{320D81CB-7069-4D4F-906D-79CEA9A030FD}.Debug|x86.ActiveCfg = Debug|x86
		{320D81CB-7069-4D4F-906D-79CEA9A030FD}.Debug|x86.Build.0 = Debug|x86
		{320D81CB-7069-4D4F-906D-79CEA9A030FD}.Release|x86.ActiveCfg = Release|x86
		{320D81CB-7069-4D4F-906D-79CEA9A030FD}.Release|x86.Build.0 = Release|x86
		{3D119D5C-6AC2-4D28-AC98-4DBAD1BCEFAD}.Debug|x86.ActiveCfg = Debug|x86
		{3D119D5C-6AC2-4D28-AC98-4DBAD1BCEFAD}.Debug|x86.Build.0 = Debug|x86
		{3D119D5C-6AC2-4D28-AC98-4DBAD1BCEFAD}.Release|x86.ActiveCfg = Release|x86
		{3D119D5C-6AC2-4D28-AC98-4DBAD1BCEFAD}.Release|x86.Build.0 = Release|x86
		{43805FFD-CAA1-4E84-9D17-22CB50E0410D}.Debug|x86.ActiveCfg = Debug|x86
		{43805FFD-CAA1-4E84-9D17-22CB50E0410D}.Debug|x86.Build.0 = Debug|x86
		{43805FFD-CAA1-4E84-9D17-22CB50E0410D}.Release|x86.ActiveCfg = Release|x86
		{43805FFD-CAA1-4E84-9D17-22CB50E0410D}.Release|x86.Build.0 = Release|x86
		{5B38BC3A-6AB6-439A-BD51-34243F35DA1E}.Debug|x86.ActiveCfg = Debug|x86
		{5B38BC3A-6AB6-439A-BD51-34243F35DA1E}.Debug|x86.Build.0 = Debug|x86
		{5B38BC3A-6AB6-439A-BD51-34243F35DA1E}.Release|x86.ActiveCfg = Release|x86
		{5B38BC3A-6AB6-439A-BD51-34243F35DA1E}.Release|x86.Build.0 = Release|x86
		{65020B30-6321-4660-9739-95AE16D2F5F7}.Debug|x86.ActiveCfg = Debug|x86
		{65020B30-6321-4660-9739-95AE16D2F5F7}.Debug|x86.Build.0 = Debug|x86
		{65020B30-6321-4660-9739-95AE16D2F5F7}.Release|x86.ActiveCfg = Release|x86
		{65020B30-6321-4660-9739-95AE16D2F5F7}.Release|x86.Build.0 = Release|x86
		{6798C74F-CA98-4B04-9E0B-43EE126E9860}.Debug|x86.ActiveCfg = Debug|x86
		{6798C74F-CA98-4B04-9E0B-43EE126E9860}.Debug|x86.Build.0 = Debug|x86
		{6798C74F-CA98-4B04-9E0B-43EE126E9860}.Release|x86.ActiveCfg = Release|x86
		{6798C74F-CA98-4B04-9E0B-43EE126E9860}.Release|x86.Build.0 = Release|x86
		{76ECE2AE-025D-4AAC-87CF-C54321537A6E}.Debug|x86.ActiveCfg = Debug|x86
		{76ECE2AE-025D-4AAC-87CF-C54321537A6E}.Debug|x86.Build.0 = Debug|x86
		{76ECE2AE-025D-4AAC-87CF-C54321537A6E}.Release|x86.ActiveCfg = Release|x86
		{76ECE2AE-025D-4AAC-87CF-C54321537A6E}.Release|x86.Build.0 = Release|x86
		{7E75B4DD-E860-4BF2-B8FE-A27738E5E7A7}.Debug|x86.ActiveCfg = Debug|x86
		{7E75B4DD-E860-4BF2-B8FE-A27738E5E7A7}.Debug|x86.Build.0 = Debug|x86
		{7E75B4DD-E860-4BF2-B8FE-A27738E5E7A7}.Release|x86.ActiveCfg = Release|x86
		{7E75B4DD-E860-4BF2-B8FE-A27738E5E7A7}.Release|x86.Build.0 = Release|x86
		{A771C5D2-2C68-4909-951E-ECACBDA183D1}.Debug|x86.ActiveCfg = Debug|x86
		{A771C5D2-2C68-4909-951E-ECACBDA183D1}.Debug|x86.Build.0 = Debug|x86
		{A771C5D2-2C68-4909-951E-ECACBDA183D1}.Release|x86.ActiveCfg = Release|x86
		{A771C5D2-2C68-4909-951E-ECACBDA183D1}.Release|x86.Build.0 = Release|x86
		{AA230A58-652F-4754-8231-03FA81E60480}.Debug|x86.ActiveCfg = Debug|x86
		{AA230A58-652F-4754-8231-03FA81E60480}.Debug|x86.Build.0 = Debug|x86
		{AA230A58-652F-4754-8231-03FA81E60480}.Release|x86.ActiveCfg = Release|x86
		{AA230A58-652F-4754-8231-03FA81E60480}.Release|x86.Build.0 = Release|x86
		{E1CAEB68-F5B0-43BD-9186-C31E6BB16308}.Debug|x86.ActiveCfg = Debug|x86
		{E1CAEB68-F5B0-43BD-9186-C31E6BB16308}.Debug|x86.Build.0 = Debug|x86
		{E1CAEB68-F5B0-43BD-9186-C31E6BB16308}.Release|x86.ActiveCfg = Release|x86
		{E1CAEB68-F5B0-43BD-9186-C31E6BB16308}.Release|x86.Build.0 = Release|x86
	EndGlobalSection
EndGlobal
